
Microsoft Visual Studio Solution File, Format Version 12.00
# Visual Studio Version 17
VisualStudioVersion = 17.5.33424.131
MinimumVisualStudioVersion = 10.0.40219.1
Project("{FAE04EC0-301F-11D3-BF4B-00C04F79EFBC}") = "RayanBours", "RayanBours\RayanBours.csproj", "{A3A972C1-B555-4907-9A27-EEFA97FDC5FB}"
EndProject
Project("{FAE04EC0-301F-11D3-BF4B-00C04F79EFBC}") = "RayanBours.Domain", "RayanBours.Domain\RayanBours.Domain.csproj", "{A89050BE-20D1-4156-9D93-7F009FED5B07}"
EndProject
Global
	GlobalSection(SolutionConfigurationPlatforms) = preSolution
		Debug|Any CPU = Debug|Any CPU
		Release|Any CPU = Release|Any CPU
	EndGlobalSection
	GlobalSection(ProjectConfigurationPlatforms) = postSolution
		{A3A972C1-B555-4907-9A27-EEFA97FDC5FB}.Debug|Any CPU.ActiveCfg = Debug|Any CPU
		{A3A972C1-B555-4907-9A27-EEFA97FDC5FB}.Debug|Any CPU.Build.0 = Debug|Any CPU
		{A3A972C1-B555-4907-9A27-EEFA97FDC5FB}.Release|Any CPU.ActiveCfg = Release|Any CPU
		{A3A972C1-B555-4907-9A27-EEFA97FDC5FB}.Release|Any CPU.Build.0 = Release|Any CPU
		{A89050BE-20D1-4156-9D93-7F009FED5B07}.Debug|Any CPU.ActiveCfg = Debug|Any CPU
		{A89050BE-20D1-4156-9D93-7F009FED5B07}.Debug|Any CPU.Build.0 = Debug|Any CPU
		{A89050BE-20D1-4156-9D93-7F009FED5B07}.Release|Any CPU.ActiveCfg = Release|Any CPU
		{A89050BE-20D1-4156-9D93-7F009FED5B07}.Release|Any CPU.Build.0 = Release|Any CPU
	EndGlobalSection
	GlobalSection(SolutionProperties) = preSolution
		HideSolutionNode = FALSE
	EndGlobalSection
	GlobalSection(ExtensibilityGlobals) = postSolution
		SolutionGuid = {FE45E0EC-2B0A-4D45-A079-B8EF372A5F26}
	EndGlobalSection
EndGlobal
